
Microsoft Visual Studio Solution File, Format Version 12.00
# Visual Studio Version 17
VisualStudioVersion = 17.7.34024.191
MinimumVisualStudioVersion = 10.0.40219.1
Project("{FAE04EC0-301F-11D3-BF4B-00C04F79EFBC}") = "Loja online", "Loja online\Loja online.csproj", "{C4BB15B0-FB3D-48E1-859F-7F09C3D6DDBF}"
EndProject
Project("{2150E333-8FDC-42A3-9474-1A3956D46DE8}") = "POO_25990", "POO_25990", "{378CBA34-54C0-4738-A8BF-91FA0F2CA660}"
EndProject
Project("{FAE04EC0-301F-11D3-BF4B-00C04F79EFBC}") = "Objetos", "objetos\Objetos.csproj", "{E2B4016B-E669-4D94-B970-E71CE0633E74}"
EndProject
Project("{FAE04EC0-301F-11D3-BF4B-00C04F79EFBC}") = "Dados", "Dados\Dados.csproj", "{041C9BBF-E66F-4508-A391-854E2640B0B2}"
EndProject
Project("{FAE04EC0-301F-11D3-BF4B-00C04F79EFBC}") = "Regras", "Regras\Regras.csproj", "{AA4C1695-9C50-4ACA-B27A-4AC88DD58983}"
EndProject
Project("{FAE04EC0-301F-11D3-BF4B-00C04F79EFBC}") = "Excecoes", "Excecoes\Excecoes.csproj", "{B39590C4-837B-485E-89FD-43308D763B32}"
EndProject
Global
	GlobalSection(SolutionConfigurationPlatforms) = preSolution
		Debug|Any CPU = Debug|Any CPU
		Release|Any CPU = Release|Any CPU
	EndGlobalSection
	GlobalSection(ProjectConfigurationPlatforms) = postSolution
		{C4BB15B0-FB3D-48E1-859F-7F09C3D6DDBF}.Debug|Any CPU.ActiveCfg = Debug|Any CPU
		{C4BB15B0-FB3D-48E1-859F-7F09C3D6DDBF}.Debug|Any CPU.Build.0 = Debug|Any CPU
		{C4BB15B0-FB3D-48E1-859F-7F09C3D6DDBF}.Release|Any CPU.ActiveCfg = Release|Any CPU
		{C4BB15B0-FB3D-48E1-859F-7F09C3D6DDBF}.Release|Any CPU.Build.0 = Release|Any CPU
		{E2B4016B-E669-4D94-B970-E71CE0633E74}.Debug|Any CPU.ActiveCfg = Debug|Any CPU
		{E2B4016B-E669-4D94-B970-E71CE0633E74}.Debug|Any CPU.Build.0 = Debug|Any CPU
		{E2B4016B-E669-4D94-B970-E71CE0633E74}.Release|Any CPU.ActiveCfg = Release|Any CPU
		{E2B4016B-E669-4D94-B970-E71CE0633E74}.Release|Any CPU.Build.0 = Release|Any CPU
		{041C9BBF-E66F-4508-A391-854E2640B0B2}.Debug|Any CPU.ActiveCfg = Debug|Any CPU
		{041C9BBF-E66F-4508-A391-854E2640B0B2}.Debug|Any CPU.Build.0 = Debug|Any CPU
		{041C9BBF-E66F-4508-A391-854E2640B0B2}.Release|Any CPU.ActiveCfg = Release|Any CPU
		{041C9BBF-E66F-4508-A391-854E2640B0B2}.Release|Any CPU.Build.0 = Release|Any CPU
		{AA4C1695-9C50-4ACA-B27A-4AC88DD58983}.Debug|Any CPU.ActiveCfg = Debug|Any CPU
		{AA4C1695-9C50-4ACA-B27A-4AC88DD58983}.Debug|Any CPU.Build.0 = Debug|Any CPU
		{AA4C1695-9C50-4ACA-B27A-4AC88DD58983}.Release|Any CPU.ActiveCfg = Release|Any CPU
		{AA4C1695-9C50-4ACA-B27A-4AC88DD58983}.Release|Any CPU.Build.0 = Release|Any CPU
		{B39590C4-837B-485E-89FD-43308D763B32}.Debug|Any CPU.ActiveCfg = Debug|Any CPU
		{B39590C4-837B-485E-89FD-43308D763B32}.Debug|Any CPU.Build.0 = Debug|Any CPU
		{B39590C4-837B-485E-89FD-43308D763B32}.Release|Any CPU.ActiveCfg = Release|Any CPU
		{B39590C4-837B-485E-89FD-43308D763B32}.Release|Any CPU.Build.0 = Release|Any CPU
	EndGlobalSection
	GlobalSection(SolutionProperties) = preSolution
		HideSolutionNode = FALSE
	EndGlobalSection
	GlobalSection(NestedProjects) = preSolution
		{C4BB15B0-FB3D-48E1-859F-7F09C3D6DDBF} = {378CBA34-54C0-4738-A8BF-91FA0F2CA660}
		{E2B4016B-E669-4D94-B970-E71CE0633E74} = {378CBA34-54C0-4738-A8BF-91FA0F2CA660}
		{041C9BBF-E66F-4508-A391-854E2640B0B2} = {378CBA34-54C0-4738-A8BF-91FA0F2CA660}
		{AA4C1695-9C50-4ACA-B27A-4AC88DD58983} = {378CBA34-54C0-4738-A8BF-91FA0F2CA660}
		{B39590C4-837B-485E-89FD-43308D763B32} = {378CBA34-54C0-4738-A8BF-91FA0F2CA660}
	EndGlobalSection
	GlobalSection(ExtensibilityGlobals) = postSolution
		SolutionGuid = {3783C446-85D9-4CDC-BF8A-805DE66ED962}
	EndGlobalSection
EndGlobal
